
Microsoft Visual Studio Solution File, Format Version 12.00
# Visual Studio Version 17
VisualStudioVersion = 17.13.35825.156 d17.13
MinimumVisualStudioVersion = 10.0.40219.1
Project("{888888A0-9F3D-457C-B088-3A5042F75D52}") = "CargaDatos", "CargaDatos.pyproj", "{0B25929F-E0A4-402F-ACB3-325977D5E907}"
EndProject
Global
	GlobalSection(SolutionConfigurationPlatforms) = preSolution
		Debug|Any CPU = Debug|Any CPU
		Release|Any CPU = Release|Any CPU
	EndGlobalSection
	GlobalSection(ProjectConfigurationPlatforms) = postSolution
		{0B25929F-E0A4-402F-ACB3-325977D5E907}.Debug|Any CPU.ActiveCfg = Debug|Any CPU
		{0B25929F-E0A4-402F-ACB3-325977D5E907}.Release|Any CPU.ActiveCfg = Release|Any CPU
	EndGlobalSection
	GlobalSection(SolutionProperties) = preSolution
		HideSolutionNode = FALSE
	EndGlobalSection
	GlobalSection(ExtensibilityGlobals) = postSolution
		SolutionGuid = {88B0DE0A-417D-4284-812C-A0A351A60B03}
	EndGlobalSection
EndGlobal
